{
  "name": "LibretranslateGUI",
  "lockfileVersion": 2,
  "requires": true,
  "packages": {
    "": {
      "dependencies": {
        "simple-keyboard": "^3.4.125",
        "simple-keyboard-layouts": "^3.1.149"
      }
    },
    "node_modules/simple-keyboard": {
      "version": "3.4.125",
      "resolved": "https://registry.npmjs.org/simple-keyboard/-/simple-keyboard-3.4.125.tgz",
      "integrity": "sha512-3hmE0bVVOxainboaO4WUVb6vnooUc5Zof1FjMoflmpMn5xoGgirwXFVDe/YX2uWZ/jbYpzbHR63IP5Q2rduNwg=="
    },
    "node_modules/simple-keyboard-layouts": {
      "version": "3.1.149",
      "resolved": "https://registry.npmjs.org/simple-keyboard-layouts/-/simple-keyboard-layouts-3.1.149.tgz",
      "integrity": "sha512-FHP741Y2RKhVu2g27Xgv2Jvq1Zbqk2DlCIemt6Xp/Eixc1msz5jA+4V2Bk8THEJ40gSmKNFeWo5cb3xBVAZ3vw=="
    }
  },
  "dependencies": {
    "simple-keyboard": {
      "version": "3.4.125",
      "resolved": "https://registry.npmjs.org/simple-keyboard/-/simple-keyboard-3.4.125.tgz",
      "integrity": "sha512-3hmE0bVVOxainboaO4WUVb6vnooUc5Zof1FjMoflmpMn5xoGgirwXFVDe/YX2uWZ/jbYpzbHR63IP5Q2rduNwg=="
    },
    "simple-keyboard-layouts": {
      "version": "3.1.149",
      "resolved": "https://registry.npmjs.org/simple-keyboard-layouts/-/simple-keyboard-layouts-3.1.149.tgz",
      "integrity": "sha512-FHP741Y2RKhVu2g27Xgv2Jvq1Zbqk2DlCIemt6Xp/Eixc1msz5jA+4V2Bk8THEJ40gSmKNFeWo5cb3xBVAZ3vw=="
    }
  }
}
